
Microsoft Visual Studio Solution File, Format Version 12.00
# Visual Studio Version 16
VisualStudioVersion = 16.0.31515.178
MinimumVisualStudioVersion = 10.0.40219.1
Project("{FAE04EC0-301F-11D3-BF4B-00C04F79EFBC}") = "Ant", "Ant.csproj", "{F85906C8-BB29-43FB-A8D8-D7967CC5A471}"
EndProject
Global
	GlobalSection(SolutionConfigurationPlatforms) = preSolution
		Debug|Any CPU = Debug|Any CPU
		Release|Any CPU = Release|Any CPU
	EndGlobalSection
	GlobalSection(ProjectConfigurationPlatforms) = postSolution
		{F85906C8-BB29-43FB-A8D8-D7967CC5A471}.Debug|Any CPU.ActiveCfg = Debug|Any CPU
		{F85906C8-BB29-43FB-A8D8-D7967CC5A471}.Debug|Any CPU.Build.0 = Debug|Any CPU
		{F85906C8-BB29-43FB-A8D8-D7967CC5A471}.Release|Any CPU.ActiveCfg = Release|Any CPU
		{F85906C8-BB29-43FB-A8D8-D7967CC5A471}.Release|Any CPU.Build.0 = Release|Any CPU
	EndGlobalSection
	GlobalSection(SolutionProperties) = preSolution
		HideSolutionNode = FALSE
	EndGlobalSection
	GlobalSection(ExtensibilityGlobals) = postSolution
		SolutionGuid = {FBEEA731-ADE8-4DA1-B37B-1152468774B7}
	EndGlobalSection
EndGlobal
